
Microsoft Visual Studio Solution File, Format Version 12.00
# Visual Studio 15
VisualStudioVersion = 15.0.28307.779
MinimumVisualStudioVersion = 10.0.40219.1
Project("{FAE04EC0-301F-11D3-BF4B-00C04F79EFBC}") = "XamarinApp.Android", "XamarinApp\XamarinApp.Android\XamarinApp.Android.csproj", "{FA6A9C1B-96D2-4087-9DE0-1E9725576989}"
EndProject
Project("{FAE04EC0-301F-11D3-BF4B-00C04F79EFBC}") = "XamarinApp.iOS", "XamarinApp\XamarinApp.iOS\XamarinApp.iOS.csproj", "{2E708E26-6166-4C08-AE1E-4CA5A8656818}"
EndProject
Project("{FAE04EC0-301F-11D3-BF4B-00C04F79EFBC}") = "XamarinApp", "XamarinApp\XamarinApp\XamarinApp.csproj", "{085A37D3-C9CE-4FC4-B6AE-4CD078C76D78}"
EndProject
Global
	GlobalSection(SolutionConfigurationPlatforms) = preSolution
		Ad-Hoc|Any CPU = Ad-Hoc|Any CPU
		Ad-Hoc|iPhone = Ad-Hoc|iPhone
		Ad-Hoc|iPhoneSimulator = Ad-Hoc|iPhoneSimulator
		AppStore|Any CPU = AppStore|Any CPU
		AppStore|iPhone = AppStore|iPhone
		AppStore|iPhoneSimulator = AppStore|iPhoneSimulator
		Debug|Any CPU = Debug|Any CPU
		Debug|iPhone = Debug|iPhone
		Debug|iPhoneSimulator = Debug|iPhoneSimulator
		Release|Any CPU = Release|Any CPU
		Release|iPhone = Release|iPhone
		Release|iPhoneSimulator = Release|iPhoneSimulator
	EndGlobalSection
	GlobalSection(ProjectConfigurationPlatforms) = postSolution
		{FA6A9C1B-96D2-4087-9DE0-1E9725576989}.Ad-Hoc|Any CPU.ActiveCfg = Release|Any CPU
		{FA6A9C1B-96D2-4087-9DE0-1E9725576989}.Ad-Hoc|Any CPU.Build.0 = Release|Any CPU
		{FA6A9C1B-96D2-4087-9DE0-1E9725576989}.Ad-Hoc|Any CPU.Deploy.0 = Release|Any CPU
		{FA6A9C1B-96D2-4087-9DE0-1E9725576989}.Ad-Hoc|iPhone.ActiveCfg = Release|Any CPU
		{FA6A9C1B-96D2-4087-9DE0-1E9725576989}.Ad-Hoc|iPhone.Build.0 = Release|Any CPU
		{FA6A9C1B-96D2-4087-9DE0-1E9725576989}.Ad-Hoc|iPhone.Deploy.0 = Release|Any CPU
		{FA6A9C1B-96D2-4087-9DE0-1E9725576989}.Ad-Hoc|iPhoneSimulator.ActiveCfg = Release|Any CPU
		{FA6A9C1B-96D2-4087-9DE0-1E9725576989}.Ad-Hoc|iPhoneSimulator.Build.0 = Release|Any CPU
		{FA6A9C1B-96D2-4087-9DE0-1E9725576989}.Ad-Hoc|iPhoneSimulator.Deploy.0 = Release|Any CPU
		{FA6A9C1B-96D2-4087-9DE0-1E9725576989}.AppStore|Any CPU.ActiveCfg = Release|Any CPU
		{FA6A9C1B-96D2-4087-9DE0-1E9725576989}.AppStore|Any CPU.Build.0 = Release|Any CPU
		{FA6A9C1B-96D2-4087-9DE0-1E9725576989}.AppStore|Any CPU.Deploy.0 = Release|Any CPU
		{FA6A9C1B-96D2-4087-9DE0-1E9725576989}.AppStore|iPhone.ActiveCfg = Release|Any CPU
		{FA6A9C1B-96D2-4087-9DE0-1E9725576989}.AppStore|iPhone.Build.0 = Release|Any CPU
		{FA6A9C1B-96D2-4087-9DE0-1E9725576989}.AppStore|iPhone.Deploy.0 = Release|Any CPU
		{FA6A9C1B-96D2-4087-9DE0-1E9725576989}.AppStore|iPhoneSimulator.ActiveCfg = Release|Any CPU
		{FA6A9C1B-96D2-4087-9DE0-1E9725576989}.AppStore|iPhoneSimulator.Build.0 = Release|Any CPU
		{FA6A9C1B-96D2-4087-9DE0-1E9725576989}.AppStore|iPhoneSimulator.Deploy.0 = Release|Any CPU
		{FA6A9C1B-96D2-4087-9DE0-1E9725576989}.Debug|Any CPU.ActiveCfg = Debug|Any CPU
		{FA6A9C1B-96D2-4087-9DE0-1E9725576989}.Debug|Any CPU.Build.0 = Debug|Any CPU
		{FA6A9C1B-96D2-4087-9DE0-1E9725576989}.Debug|Any CPU.Deploy.0 = Debug|Any CPU
		{FA6A9C1B-96D2-4087-9DE0-1E9725576989}.Debug|iPhone.ActiveCfg = Debug|Any CPU
		{FA6A9C1B-96D2-4087-9DE0-1E9725576989}.Debug|iPhone.Build.0 = Debug|Any CPU
		{FA6A9C1B-96D2-4087-9DE0-1E9725576989}.Debug|iPhone.Deploy.0 = Debug|Any CPU
		{FA6A9C1B-96D2-4087-9DE0-1E9725576989}.Debug|iPhoneSimulator.ActiveCfg = Debug|Any CPU
		{FA6A9C1B-96D2-4087-9DE0-1E9725576989}.Debug|iPhoneSimulator.Build.0 = Debug|Any CPU
		{FA6A9C1B-96D2-4087-9DE0-1E9725576989}.Debug|iPhoneSimulator.Deploy.0 = Debug|Any CPU
		{FA6A9C1B-96D2-4087-9DE0-1E9725576989}.Release|Any CPU.ActiveCfg = Release|Any CPU
		{FA6A9C1B-96D2-4087-9DE0-1E9725576989}.Release|Any CPU.Build.0 = Release|Any CPU
		{FA6A9C1B-96D2-4087-9DE0-1E9725576989}.Release|Any CPU.Deploy.0 = Release|Any CPU
		{FA6A9C1B-96D2-4087-9DE0-1E9725576989}.Release|iPhone.ActiveCfg = Release|Any CPU
		{FA6A9C1B-96D2-4087-9DE0-1E9725576989}.Release|iPhone.Build.0 = Release|Any CPU
		{FA6A9C1B-96D2-4087-9DE0-1E9725576989}.Release|iPhone.Deploy.0 = Release|Any CPU
		{FA6A9C1B-96D2-4087-9DE0-1E9725576989}.Release|iPhoneSimulator.ActiveCfg = Release|Any CPU
		{FA6A9C1B-96D2-4087-9DE0-1E9725576989}.Release|iPhoneSimulator.Build.0 = Release|Any CPU
		{FA6A9C1B-96D2-4087-9DE0-1E9725576989}.Release|iPhoneSimulator.Deploy.0 = Release|Any CPU
		{2E708E26-6166-4C08-AE1E-4CA5A8656818}.Ad-Hoc|Any CPU.ActiveCfg = Ad-Hoc|iPhone
		{2E708E26-6166-4C08-AE1E-4CA5A8656818}.Ad-Hoc|Any CPU.Build.0 = Ad-Hoc|iPhone
		{2E708E26-6166-4C08-AE1E-4CA5A8656818}.Ad-Hoc|Any CPU.Deploy.0 = Ad-Hoc|iPhone
		{2E708E26-6166-4C08-AE1E-4CA5A8656818}.Ad-Hoc|iPhone.ActiveCfg = Ad-Hoc|iPhone
		{2E708E26-6166-4C08-AE1E-4CA5A8656818}.Ad-Hoc|iPhone.Build.0 = Ad-Hoc|iPhone
		{2E708E26-6166-4C08-AE1E-4CA5A8656818}.Ad-Hoc|iPhone.Deploy.0 = Ad-Hoc|iPhone
		{2E708E26-6166-4C08-AE1E-4CA5A8656818}.Ad-Hoc|iPhoneSimulator.ActiveCfg = Ad-Hoc|iPhoneSimulator
		{2E708E26-6166-4C08-AE1E-4CA5A8656818}.Ad-Hoc|iPhoneSimulator.Build.0 = Ad-Hoc|iPhoneSimulator
		{2E708E26-6166-4C08-AE1E-4CA5A8656818}.Ad-Hoc|iPhoneSimulator.Deploy.0 = Ad-Hoc|iPhoneSimulator
		{2E708E26-6166-4C08-AE1E-4CA5A8656818}.AppStore|Any CPU.ActiveCfg = AppStore|iPhone
		{2E708E26-6166-4C08-AE1E-4CA5A8656818}.AppStore|Any CPU.Build.0 = AppStore|iPhone
		{2E708E26-6166-4C08-AE1E-4CA5A8656818}.AppStore|Any CPU.Deploy.0 = AppStore|iPhone
		{2E708E26-6166-4C08-AE1E-4CA5A8656818}.AppStore|iPhone.ActiveCfg = AppStore|iPhone
		{2E708E26-6166-4C08-AE1E-4CA5A8656818}.AppStore|iPhone.Build.0 = AppStore|iPhone
		{2E708E26-6166-4C08-AE1E-4CA5A8656818}.AppStore|iPhone.Deploy.0 = AppStore|iPhone
		{2E708E26-6166-4C08-AE1E-4CA5A8656818}.AppStore|iPhoneSimulator.ActiveCfg = AppStore|iPhoneSimulator
		{2E708E26-6166-4C08-AE1E-4CA5A8656818}.AppStore|iPhoneSimulator.Build.0 = AppStore|iPhoneSimulator
		{2E708E26-6166-4C08-AE1E-4CA5A8656818}.AppStore|iPhoneSimulator.Deploy.0 = AppStore|iPhoneSimulator
		{2E708E26-6166-4C08-AE1E-4CA5A8656818}.Debug|Any CPU.ActiveCfg = Debug|iPhoneSimulator
		{2E708E26-6166-4C08-AE1E-4CA5A8656818}.Debug|Any CPU.Build.0 = Debug|iPhoneSimulator
		{2E708E26-6166-4C08-AE1E-4CA5A8656818}.Debug|Any CPU.Deploy.0 = Debug|iPhoneSimulator
		{2E708E26-6166-4C08-AE1E-4CA5A8656818}.Debug|iPhone.ActiveCfg = Debug|iPhone
		{2E708E26-6166-4C08-AE1E-4CA5A8656818}.Debug|iPhone.Build.0 = Debug|iPhone
		{2E708E26-6166-4C08-AE1E-4CA5A8656818}.Debug|iPhone.Deploy.0 = Debug|iPhone
		{2E708E26-6166-4C08-AE1E-4CA5A8656818}.Debug|iPhoneSimulator.ActiveCfg = Debug|iPhoneSimulator
		{2E708E26-6166-4C08-AE1E-4CA5A8656818}.Debug|iPhoneSimulator.Build.0 = Debug|iPhoneSimulator
		{2E708E26-6166-4C08-AE1E-4CA5A8656818}.Debug|iPhoneSimulator.Deploy.0 = Debug|iPhoneSimulator
		{2E708E26-6166-4C08-AE1E-4CA5A8656818}.Release|Any CPU.ActiveCfg = Release|iPhone
		{2E708E26-6166-4C08-AE1E-4CA5A8656818}.Release|Any CPU.Build.0 = Release|iPhone
		{2E708E26-6166-4C08-AE1E-4CA5A8656818}.Release|Any CPU.Deploy.0 = Release|iPhone
		{2E708E26-6166-4C08-AE1E-4CA5A8656818}.Release|iPhone.ActiveCfg = Release|iPhone
		{2E708E26-6166-4C08-AE1E-4CA5A8656818}.Release|iPhone.Build.0 = Release|iPhone
		{2E708E26-6166-4C08-AE1E-4CA5A8656818}.Release|iPhone.Deploy.0 = Release|iPhone
		{2E708E26-6166-4C08-AE1E-4CA5A8656818}.Release|iPhoneSimulator.ActiveCfg = Release|iPhoneSimulator
		{2E708E26-6166-4C08-AE1E-4CA5A8656818}.Release|iPhoneSimulator.Build.0 = Release|iPhoneSimulator
		{2E708E26-6166-4C08-AE1E-4CA5A8656818}.Release|iPhoneSimulator.Deploy.0 = Release|iPhoneSimulator
		{085A37D3-C9CE-4FC4-B6AE-4CD078C76D78}.Ad-Hoc|Any CPU.ActiveCfg = Debug|Any CPU
		{085A37D3-C9CE-4FC4-B6AE-4CD078C76D78}.Ad-Hoc|Any CPU.Build.0 = Debug|Any CPU
		{085A37D3-C9CE-4FC4-B6AE-4CD078C76D78}.Ad-Hoc|Any CPU.Deploy.0 = Debug|Any CPU
		{085A37D3-C9CE-4FC4-B6AE-4CD078C76D78}.Ad-Hoc|iPhone.ActiveCfg = Debug|Any CPU
		{085A37D3-C9CE-4FC4-B6AE-4CD078C76D78}.Ad-Hoc|iPhone.Build.0 = Debug|Any CPU
		{085A37D3-C9CE-4FC4-B6AE-4CD078C76D78}.Ad-Hoc|iPhone.Deploy.0 = Debug|Any CPU
		{085A37D3-C9CE-4FC4-B6AE-4CD078C76D78}.Ad-Hoc|iPhoneSimulator.ActiveCfg = Debug|Any CPU
		{085A37D3-C9CE-4FC4-B6AE-4CD078C76D78}.Ad-Hoc|iPhoneSimulator.Build.0 = Debug|Any CPU
		{085A37D3-C9CE-4FC4-B6AE-4CD078C76D78}.Ad-Hoc|iPhoneSimulator.Deploy.0 = Debug|Any CPU
		{085A37D3-C9CE-4FC4-B6AE-4CD078C76D78}.AppStore|Any CPU.ActiveCfg = Debug|Any CPU
		{085A37D3-C9CE-4FC4-B6AE-4CD078C76D78}.AppStore|Any CPU.Build.0 = Debug|Any CPU
		{085A37D3-C9CE-4FC4-B6AE-4CD078C76D78}.AppStore|Any CPU.Deploy.0 = Debug|Any CPU
		{085A37D3-C9CE-4FC4-B6AE-4CD078C76D78}.AppStore|iPhone.ActiveCfg = Debug|Any CPU
		{085A37D3-C9CE-4FC4-B6AE-4CD078C76D78}.AppStore|iPhone.Build.0 = Debug|Any CPU
		{085A37D3-C9CE-4FC4-B6AE-4CD078C76D78}.AppStore|iPhone.Deploy.0 = Debug|Any CPU
		{085A37D3-C9CE-4FC4-B6AE-4CD078C76D78}.AppStore|iPhoneSimulator.ActiveCfg = Debug|Any CPU
		{085A37D3-C9CE-4FC4-B6AE-4CD078C76D78}.AppStore|iPhoneSimulator.Build.0 = Debug|Any CPU
		{085A37D3-C9CE-4FC4-B6AE-4CD078C76D78}.AppStore|iPhoneSimulator.Deploy.0 = Debug|Any CPU
		{085A37D3-C9CE-4FC4-B6AE-4CD078C76D78}.Debug|Any CPU.ActiveCfg = Debug|Any CPU
		{085A37D3-C9CE-4FC4-B6AE-4CD078C76D78}.Debug|Any CPU.Build.0 = Debug|Any CPU
		{085A37D3-C9CE-4FC4-B6AE-4CD078C76D78}.Debug|Any CPU.Deploy.0 = Debug|Any CPU
		{085A37D3-C9CE-4FC4-B6AE-4CD078C76D78}.Debug|iPhone.ActiveCfg = Debug|Any CPU
		{085A37D3-C9CE-4FC4-B6AE-4CD078C76D78}.Debug|iPhone.Build.0 = Debug|Any CPU
		{085A37D3-C9CE-4FC4-B6AE-4CD078C76D78}.Debug|iPhone.Deploy.0 = Debug|Any CPU
		{085A37D3-C9CE-4FC4-B6AE-4CD078C76D78}.Debug|iPhoneSimulator.ActiveCfg = Debug|Any CPU
		{085A37D3-C9CE-4FC4-B6AE-4CD078C76D78}.Debug|iPhoneSimulator.Build.0 = Debug|Any CPU
		{085A37D3-C9CE-4FC4-B6AE-4CD078C76D78}.Debug|iPhoneSimulator.Deploy.0 = Debug|Any CPU
		{085A37D3-C9CE-4FC4-B6AE-4CD078C76D78}.Release|Any CPU.ActiveCfg = Release|Any CPU
		{085A37D3-C9CE-4FC4-B6AE-4CD078C76D78}.Release|Any CPU.Build.0 = Release|Any CPU
		{085A37D3-C9CE-4FC4-B6AE-4CD078C76D78}.Release|Any CPU.Deploy.0 = Release|Any CPU
		{085A37D3-C9CE-4FC4-B6AE-4CD078C76D78}.Release|iPhone.ActiveCfg = Release|Any CPU
		{085A37D3-C9CE-4FC4-B6AE-4CD078C76D78}.Release|iPhone.Build.0 = Release|Any CPU
		{085A37D3-C9CE-4FC4-B6AE-4CD078C76D78}.Release|iPhone.Deploy.0 = Release|Any CPU
		{085A37D3-C9CE-4FC4-B6AE-4CD078C76D78}.Release|iPhoneSimulator.ActiveCfg = Release|Any CPU
		{085A37D3-C9CE-4FC4-B6AE-4CD078C76D78}.Release|iPhoneSimulator.Build.0 = Release|Any CPU
		{085A37D3-C9CE-4FC4-B6AE-4CD078C76D78}.Release|iPhoneSimulator.Deploy.0 = Release|Any CPU
	EndGlobalSection
	GlobalSection(SolutionProperties) = preSolution
		HideSolutionNode = FALSE
	EndGlobalSection
	GlobalSection(ExtensibilityGlobals) = postSolution
		SolutionGuid = {D237C88B-72E6-48F4-AA1C-FB1E0C003232}
	EndGlobalSection
EndGlobal
