
Microsoft Visual Studio Solution File, Format Version 12.00
# Visual Studio 15
VisualStudioVersion = 15.0.28307.779
MinimumVisualStudioVersion = 10.0.40219.1
Project("{FAE04EC0-301F-11D3-BF4B-00C04F79EFBC}") = "XamarinApp.Android", "XamarinApp\XamarinApp.Android\XamarinApp.Android.csproj", "{FA6A9C1B-96D2-4087-9DE0-1E9725576989}"
EndProject
Project("{FAE04EC0-301F-11D3-BF4B-00C04F79EFBC}") = "XamarinApp.iOS", "XamarinApp\XamarinApp.iOS\XamarinApp.iOS.csproj", "{2E708E26-6166-4C08-AE1E-4CA5A8656818}"
EndProject
Project("{9A19103F-16F7-4668-BE54-9A1E7A4F7556}") = "XamarinApp", "XamarinApp\XamarinApp\XamarinApp.csproj", "{085A37D3-C9CE-4FC4-B6AE-4CD078C76D78}"
EndProject
Project("{9A19103F-16F7-4668-BE54-9A1E7A4F7556}") = "Apathys.CalouselViewLib", "XamarinApp\Apathys.CalouselViewLib\Apathys.CalouselViewLib.csproj", "{F408E8D7-6890-45CA-B9CD-ED6B1E7F2C88}"
EndProject
Project("{FAE04EC0-301F-11D3-BF4B-00C04F79EFBC}") = "Apathys.CalouselViewLib.Droid", "XamarinApp\Apathys.CalouselViewLib.Droid\Apathys.CalouselViewLib.Droid.csproj", "{621F4EE9-5731-4D8B-91CC-81037C6DC1CF}"
EndProject
Project("{FAE04EC0-301F-11D3-BF4B-00C04F79EFBC}") = "XamarinAppLib", "XamarinAppLib\XamarinAppLib.csproj", "{4A732F42-D5FD-4C44-9446-845D8871AD8B}"
EndProject
Project("{FAE04EC0-301F-11D3-BF4B-00C04F79EFBC}") = "XamarinAppLib.Driod", "XamarinAppLib.Driod\XamarinAppLib.Driod.csproj", "{D5D2C6D6-E4F9-4E5D-AF59-493C2C0EE632}"
EndProject
Global
	GlobalSection(SolutionConfigurationPlatforms) = preSolution
		Ad-Hoc|Any CPU = Ad-Hoc|Any CPU
		Ad-Hoc|iPhone = Ad-Hoc|iPhone
		Ad-Hoc|iPhoneSimulator = Ad-Hoc|iPhoneSimulator
		AppStore|Any CPU = AppStore|Any CPU
		AppStore|iPhone = AppStore|iPhone
		AppStore|iPhoneSimulator = AppStore|iPhoneSimulator
		Debug|Any CPU = Debug|Any CPU
		Debug|iPhone = Debug|iPhone
		Debug|iPhoneSimulator = Debug|iPhoneSimulator
		Release|Any CPU = Release|Any CPU
		Release|iPhone = Release|iPhone
		Release|iPhoneSimulator = Release|iPhoneSimulator
	EndGlobalSection
	GlobalSection(ProjectConfigurationPlatforms) = postSolution
		{FA6A9C1B-96D2-4087-9DE0-1E9725576989}.Ad-Hoc|Any CPU.ActiveCfg = Release|Any CPU
		{FA6A9C1B-96D2-4087-9DE0-1E9725576989}.Ad-Hoc|Any CPU.Build.0 = Release|Any CPU
		{FA6A9C1B-96D2-4087-9DE0-1E9725576989}.Ad-Hoc|Any CPU.Deploy.0 = Release|Any CPU
		{FA6A9C1B-96D2-4087-9DE0-1E9725576989}.Ad-Hoc|iPhone.ActiveCfg = Release|Any CPU
		{FA6A9C1B-96D2-4087-9DE0-1E9725576989}.Ad-Hoc|iPhone.Build.0 = Release|Any CPU
		{FA6A9C1B-96D2-4087-9DE0-1E9725576989}.Ad-Hoc|iPhone.Deploy.0 = Release|Any CPU
		{FA6A9C1B-96D2-4087-9DE0-1E9725576989}.Ad-Hoc|iPhoneSimulator.ActiveCfg = Release|Any CPU
		{FA6A9C1B-96D2-4087-9DE0-1E9725576989}.Ad-Hoc|iPhoneSimulator.Build.0 = Release|Any CPU
		{FA6A9C1B-96D2-4087-9DE0-1E9725576989}.Ad-Hoc|iPhoneSimulator.Deploy.0 = Release|Any CPU
		{FA6A9C1B-96D2-4087-9DE0-1E9725576989}.AppStore|Any CPU.ActiveCfg = Release|Any CPU
		{FA6A9C1B-96D2-4087-9DE0-1E9725576989}.AppStore|Any CPU.Build.0 = Release|Any CPU
		{FA6A9C1B-96D2-4087-9DE0-1E9725576989}.AppStore|Any CPU.Deploy.0 = Release|Any CPU
		{FA6A9C1B-96D2-4087-9DE0-1E9725576989}.AppStore|iPhone.ActiveCfg = Release|Any CPU
		{FA6A9C1B-96D2-4087-9DE0-1E9725576989}.AppStore|iPhone.Build.0 = Release|Any CPU
		{FA6A9C1B-96D2-4087-9DE0-1E9725576989}.AppStore|iPhone.Deploy.0 = Release|Any CPU
		{FA6A9C1B-96D2-4087-9DE0-1E9725576989}.AppStore|iPhoneSimulator.ActiveCfg = Release|Any CPU
		{FA6A9C1B-96D2-4087-9DE0-1E9725576989}.AppStore|iPhoneSimulator.Build.0 = Release|Any CPU
		{FA6A9C1B-96D2-4087-9DE0-1E9725576989}.AppStore|iPhoneSimulator.Deploy.0 = Release|Any CPU
		{FA6A9C1B-96D2-4087-9DE0-1E9725576989}.Debug|Any CPU.ActiveCfg = Debug|Any CPU
		{FA6A9C1B-96D2-4087-9DE0-1E9725576989}.Debug|Any CPU.Build.0 = Debug|Any CPU
		{FA6A9C1B-96D2-4087-9DE0-1E9725576989}.Debug|Any CPU.Deploy.0 = Debug|Any CPU
		{FA6A9C1B-96D2-4087-9DE0-1E9725576989}.Debug|iPhone.ActiveCfg = Debug|Any CPU
		{FA6A9C1B-96D2-4087-9DE0-1E9725576989}.Debug|iPhone.Build.0 = Debug|Any CPU
		{FA6A9C1B-96D2-4087-9DE0-1E9725576989}.Debug|iPhone.Deploy.0 = Debug|Any CPU
		{FA6A9C1B-96D2-4087-9DE0-1E9725576989}.Debug|iPhoneSimulator.ActiveCfg = Debug|Any CPU
		{FA6A9C1B-96D2-4087-9DE0-1E9725576989}.Debug|iPhoneSimulator.Build.0 = Debug|Any CPU
		{FA6A9C1B-96D2-4087-9DE0-1E9725576989}.Debug|iPhoneSimulator.Deploy.0 = Debug|Any CPU
		{FA6A9C1B-96D2-4087-9DE0-1E9725576989}.Release|Any CPU.ActiveCfg = Release|Any CPU
		{FA6A9C1B-96D2-4087-9DE0-1E9725576989}.Release|Any CPU.Build.0 = Release|Any CPU
		{FA6A9C1B-96D2-4087-9DE0-1E9725576989}.Release|Any CPU.Deploy.0 = Release|Any CPU
		{FA6A9C1B-96D2-4087-9DE0-1E9725576989}.Release|iPhone.ActiveCfg = Release|Any CPU
		{FA6A9C1B-96D2-4087-9DE0-1E9725576989}.Release|iPhone.Build.0 = Release|Any CPU
		{FA6A9C1B-96D2-4087-9DE0-1E9725576989}.Release|iPhone.Deploy.0 = Release|Any CPU
		{FA6A9C1B-96D2-4087-9DE0-1E9725576989}.Release|iPhoneSimulator.ActiveCfg = Release|Any CPU
		{FA6A9C1B-96D2-4087-9DE0-1E9725576989}.Release|iPhoneSimulator.Build.0 = Release|Any CPU
		{FA6A9C1B-96D2-4087-9DE0-1E9725576989}.Release|iPhoneSimulator.Deploy.0 = Release|Any CPU
		{2E708E26-6166-4C08-AE1E-4CA5A8656818}.Ad-Hoc|Any CPU.ActiveCfg = Ad-Hoc|iPhone
		{2E708E26-6166-4C08-AE1E-4CA5A8656818}.Ad-Hoc|Any CPU.Build.0 = Ad-Hoc|iPhone
		{2E708E26-6166-4C08-AE1E-4CA5A8656818}.Ad-Hoc|Any CPU.Deploy.0 = Ad-Hoc|iPhone
		{2E708E26-6166-4C08-AE1E-4CA5A8656818}.Ad-Hoc|iPhone.ActiveCfg = Ad-Hoc|iPhone
		{2E708E26-6166-4C08-AE1E-4CA5A8656818}.Ad-Hoc|iPhone.Build.0 = Ad-Hoc|iPhone
		{2E708E26-6166-4C08-AE1E-4CA5A8656818}.Ad-Hoc|iPhone.Deploy.0 = Ad-Hoc|iPhone
		{2E708E26-6166-4C08-AE1E-4CA5A8656818}.Ad-Hoc|iPhoneSimulator.ActiveCfg = Ad-Hoc|iPhoneSimulator
		{2E708E26-6166-4C08-AE1E-4CA5A8656818}.Ad-Hoc|iPhoneSimulator.Build.0 = Ad-Hoc|iPhoneSimulator
		{2E708E26-6166-4C08-AE1E-4CA5A8656818}.Ad-Hoc|iPhoneSimulator.Deploy.0 = Ad-Hoc|iPhoneSimulator
		{2E708E26-6166-4C08-AE1E-4CA5A8656818}.AppStore|Any CPU.ActiveCfg = AppStore|iPhone
		{2E708E26-6166-4C08-AE1E-4CA5A8656818}.AppStore|Any CPU.Build.0 = AppStore|iPhone
		{2E708E26-6166-4C08-AE1E-4CA5A8656818}.AppStore|Any CPU.Deploy.0 = AppStore|iPhone
		{2E708E26-6166-4C08-AE1E-4CA5A8656818}.AppStore|iPhone.ActiveCfg = AppStore|iPhone
		{2E708E26-6166-4C08-AE1E-4CA5A8656818}.AppStore|iPhone.Build.0 = AppStore|iPhone
		{2E708E26-6166-4C08-AE1E-4CA5A8656818}.AppStore|iPhone.Deploy.0 = AppStore|iPhone
		{2E708E26-6166-4C08-AE1E-4CA5A8656818}.AppStore|iPhoneSimulator.ActiveCfg = AppStore|iPhoneSimulator
		{2E708E26-6166-4C08-AE1E-4CA5A8656818}.AppStore|iPhoneSimulator.Build.0 = AppStore|iPhoneSimulator
		{2E708E26-6166-4C08-AE1E-4CA5A8656818}.AppStore|iPhoneSimulator.Deploy.0 = AppStore|iPhoneSimulator
		{2E708E26-6166-4C08-AE1E-4CA5A8656818}.Debug|Any CPU.ActiveCfg = Debug|iPhoneSimulator
		{2E708E26-6166-4C08-AE1E-4CA5A8656818}.Debug|Any CPU.Build.0 = Debug|iPhoneSimulator
		{2E708E26-6166-4C08-AE1E-4CA5A8656818}.Debug|Any CPU.Deploy.0 = Debug|iPhoneSimulator
		{2E708E26-6166-4C08-AE1E-4CA5A8656818}.Debug|iPhone.ActiveCfg = Debug|iPhone
		{2E708E26-6166-4C08-AE1E-4CA5A8656818}.Debug|iPhone.Build.0 = Debug|iPhone
		{2E708E26-6166-4C08-AE1E-4CA5A8656818}.Debug|iPhone.Deploy.0 = Debug|iPhone
		{2E708E26-6166-4C08-AE1E-4CA5A8656818}.Debug|iPhoneSimulator.ActiveCfg = Debug|iPhoneSimulator
		{2E708E26-6166-4C08-AE1E-4CA5A8656818}.Debug|iPhoneSimulator.Build.0 = Debug|iPhoneSimulator
		{2E708E26-6166-4C08-AE1E-4CA5A8656818}.Debug|iPhoneSimulator.Deploy.0 = Debug|iPhoneSimulator
		{2E708E26-6166-4C08-AE1E-4CA5A8656818}.Release|Any CPU.ActiveCfg = Release|iPhone
		{2E708E26-6166-4C08-AE1E-4CA5A8656818}.Release|Any CPU.Build.0 = Release|iPhone
		{2E708E26-6166-4C08-AE1E-4CA5A8656818}.Release|Any CPU.Deploy.0 = Release|iPhone
		{2E708E26-6166-4C08-AE1E-4CA5A8656818}.Release|iPhone.ActiveCfg = Release|iPhone
		{2E708E26-6166-4C08-AE1E-4CA5A8656818}.Release|iPhone.Build.0 = Release|iPhone
		{2E708E26-6166-4C08-AE1E-4CA5A8656818}.Release|iPhone.Deploy.0 = Release|iPhone
		{2E708E26-6166-4C08-AE1E-4CA5A8656818}.Release|iPhoneSimulator.ActiveCfg = Release|iPhoneSimulator
		{2E708E26-6166-4C08-AE1E-4CA5A8656818}.Release|iPhoneSimulator.Build.0 = Release|iPhoneSimulator
		{2E708E26-6166-4C08-AE1E-4CA5A8656818}.Release|iPhoneSimulator.Deploy.0 = Release|iPhoneSimulator
		{085A37D3-C9CE-4FC4-B6AE-4CD078C76D78}.Ad-Hoc|Any CPU.ActiveCfg = Debug|Any CPU
		{085A37D3-C9CE-4FC4-B6AE-4CD078C76D78}.Ad-Hoc|Any CPU.Build.0 = Debug|Any CPU
		{085A37D3-C9CE-4FC4-B6AE-4CD078C76D78}.Ad-Hoc|Any CPU.Deploy.0 = Debug|Any CPU
		{085A37D3-C9CE-4FC4-B6AE-4CD078C76D78}.Ad-Hoc|iPhone.ActiveCfg = Debug|Any CPU
		{085A37D3-C9CE-4FC4-B6AE-4CD078C76D78}.Ad-Hoc|iPhone.Build.0 = Debug|Any CPU
		{085A37D3-C9CE-4FC4-B6AE-4CD078C76D78}.Ad-Hoc|iPhone.Deploy.0 = Debug|Any CPU
		{085A37D3-C9CE-4FC4-B6AE-4CD078C76D78}.Ad-Hoc|iPhoneSimulator.ActiveCfg = Debug|Any CPU
		{085A37D3-C9CE-4FC4-B6AE-4CD078C76D78}.Ad-Hoc|iPhoneSimulator.Build.0 = Debug|Any CPU
		{085A37D3-C9CE-4FC4-B6AE-4CD078C76D78}.Ad-Hoc|iPhoneSimulator.Deploy.0 = Debug|Any CPU
		{085A37D3-C9CE-4FC4-B6AE-4CD078C76D78}.AppStore|Any CPU.ActiveCfg = Debug|Any CPU
		{085A37D3-C9CE-4FC4-B6AE-4CD078C76D78}.AppStore|Any CPU.Build.0 = Debug|Any CPU
		{085A37D3-C9CE-4FC4-B6AE-4CD078C76D78}.AppStore|Any CPU.Deploy.0 = Debug|Any CPU
		{085A37D3-C9CE-4FC4-B6AE-4CD078C76D78}.AppStore|iPhone.ActiveCfg = Debug|Any CPU
		{085A37D3-C9CE-4FC4-B6AE-4CD078C76D78}.AppStore|iPhone.Build.0 = Debug|Any CPU
		{085A37D3-C9CE-4FC4-B6AE-4CD078C76D78}.AppStore|iPhone.Deploy.0 = Debug|Any CPU
		{085A37D3-C9CE-4FC4-B6AE-4CD078C76D78}.AppStore|iPhoneSimulator.ActiveCfg = Debug|Any CPU
		{085A37D3-C9CE-4FC4-B6AE-4CD078C76D78}.AppStore|iPhoneSimulator.Build.0 = Debug|Any CPU
		{085A37D3-C9CE-4FC4-B6AE-4CD078C76D78}.AppStore|iPhoneSimulator.Deploy.0 = Debug|Any CPU
		{085A37D3-C9CE-4FC4-B6AE-4CD078C76D78}.Debug|Any CPU.ActiveCfg = Debug|Any CPU
		{085A37D3-C9CE-4FC4-B6AE-4CD078C76D78}.Debug|Any CPU.Build.0 = Debug|Any CPU
		{085A37D3-C9CE-4FC4-B6AE-4CD078C76D78}.Debug|Any CPU.Deploy.0 = Debug|Any CPU
		{085A37D3-C9CE-4FC4-B6AE-4CD078C76D78}.Debug|iPhone.ActiveCfg = Debug|Any CPU
		{085A37D3-C9CE-4FC4-B6AE-4CD078C76D78}.Debug|iPhone.Build.0 = Debug|Any CPU
		{085A37D3-C9CE-4FC4-B6AE-4CD078C76D78}.Debug|iPhone.Deploy.0 = Debug|Any CPU
		{085A37D3-C9CE-4FC4-B6AE-4CD078C76D78}.Debug|iPhoneSimulator.ActiveCfg = Debug|Any CPU
		{085A37D3-C9CE-4FC4-B6AE-4CD078C76D78}.Debug|iPhoneSimulator.Build.0 = Debug|Any CPU
		{085A37D3-C9CE-4FC4-B6AE-4CD078C76D78}.Debug|iPhoneSimulator.Deploy.0 = Debug|Any CPU
		{085A37D3-C9CE-4FC4-B6AE-4CD078C76D78}.Release|Any CPU.ActiveCfg = Release|Any CPU
		{085A37D3-C9CE-4FC4-B6AE-4CD078C76D78}.Release|Any CPU.Build.0 = Release|Any CPU
		{085A37D3-C9CE-4FC4-B6AE-4CD078C76D78}.Release|Any CPU.Deploy.0 = Release|Any CPU
		{085A37D3-C9CE-4FC4-B6AE-4CD078C76D78}.Release|iPhone.ActiveCfg = Release|Any CPU
		{085A37D3-C9CE-4FC4-B6AE-4CD078C76D78}.Release|iPhone.Build.0 = Release|Any CPU
		{085A37D3-C9CE-4FC4-B6AE-4CD078C76D78}.Release|iPhone.Deploy.0 = Release|Any CPU
		{085A37D3-C9CE-4FC4-B6AE-4CD078C76D78}.Release|iPhoneSimulator.ActiveCfg = Release|Any CPU
		{085A37D3-C9CE-4FC4-B6AE-4CD078C76D78}.Release|iPhoneSimulator.Build.0 = Release|Any CPU
		{085A37D3-C9CE-4FC4-B6AE-4CD078C76D78}.Release|iPhoneSimulator.Deploy.0 = Release|Any CPU
		{F408E8D7-6890-45CA-B9CD-ED6B1E7F2C88}.Ad-Hoc|Any CPU.ActiveCfg = Debug|Any CPU
		{F408E8D7-6890-45CA-B9CD-ED6B1E7F2C88}.Ad-Hoc|Any CPU.Build.0 = Debug|Any CPU
		{F408E8D7-6890-45CA-B9CD-ED6B1E7F2C88}.Ad-Hoc|iPhone.ActiveCfg = Debug|Any CPU
		{F408E8D7-6890-45CA-B9CD-ED6B1E7F2C88}.Ad-Hoc|iPhone.Build.0 = Debug|Any CPU
		{F408E8D7-6890-45CA-B9CD-ED6B1E7F2C88}.Ad-Hoc|iPhoneSimulator.ActiveCfg = Debug|Any CPU
		{F408E8D7-6890-45CA-B9CD-ED6B1E7F2C88}.Ad-Hoc|iPhoneSimulator.Build.0 = Debug|Any CPU
		{F408E8D7-6890-45CA-B9CD-ED6B1E7F2C88}.AppStore|Any CPU.ActiveCfg = Debug|Any CPU
		{F408E8D7-6890-45CA-B9CD-ED6B1E7F2C88}.AppStore|Any CPU.Build.0 = Debug|Any CPU
		{F408E8D7-6890-45CA-B9CD-ED6B1E7F2C88}.AppStore|iPhone.ActiveCfg = Debug|Any CPU
		{F408E8D7-6890-45CA-B9CD-ED6B1E7F2C88}.AppStore|iPhone.Build.0 = Debug|Any CPU
		{F408E8D7-6890-45CA-B9CD-ED6B1E7F2C88}.AppStore|iPhoneSimulator.ActiveCfg = Debug|Any CPU
		{F408E8D7-6890-45CA-B9CD-ED6B1E7F2C88}.AppStore|iPhoneSimulator.Build.0 = Debug|Any CPU
		{F408E8D7-6890-45CA-B9CD-ED6B1E7F2C88}.Debug|Any CPU.ActiveCfg = Debug|Any CPU
		{F408E8D7-6890-45CA-B9CD-ED6B1E7F2C88}.Debug|Any CPU.Build.0 = Debug|Any CPU
		{F408E8D7-6890-45CA-B9CD-ED6B1E7F2C88}.Debug|iPhone.ActiveCfg = Debug|Any CPU
		{F408E8D7-6890-45CA-B9CD-ED6B1E7F2C88}.Debug|iPhone.Build.0 = Debug|Any CPU
		{F408E8D7-6890-45CA-B9CD-ED6B1E7F2C88}.Debug|iPhoneSimulator.ActiveCfg = Debug|Any CPU
		{F408E8D7-6890-45CA-B9CD-ED6B1E7F2C88}.Debug|iPhoneSimulator.Build.0 = Debug|Any CPU
		{F408E8D7-6890-45CA-B9CD-ED6B1E7F2C88}.Release|Any CPU.ActiveCfg = Release|Any CPU
		{F408E8D7-6890-45CA-B9CD-ED6B1E7F2C88}.Release|Any CPU.Build.0 = Release|Any CPU
		{F408E8D7-6890-45CA-B9CD-ED6B1E7F2C88}.Release|iPhone.ActiveCfg = Release|Any CPU
		{F408E8D7-6890-45CA-B9CD-ED6B1E7F2C88}.Release|iPhone.Build.0 = Release|Any CPU
		{F408E8D7-6890-45CA-B9CD-ED6B1E7F2C88}.Release|iPhoneSimulator.ActiveCfg = Release|Any CPU
		{F408E8D7-6890-45CA-B9CD-ED6B1E7F2C88}.Release|iPhoneSimulator.Build.0 = Release|Any CPU
		{621F4EE9-5731-4D8B-91CC-81037C6DC1CF}.Ad-Hoc|Any CPU.ActiveCfg = Release|Any CPU
		{621F4EE9-5731-4D8B-91CC-81037C6DC1CF}.Ad-Hoc|Any CPU.Build.0 = Release|Any CPU
		{621F4EE9-5731-4D8B-91CC-81037C6DC1CF}.Ad-Hoc|iPhone.ActiveCfg = Release|Any CPU
		{621F4EE9-5731-4D8B-91CC-81037C6DC1CF}.Ad-Hoc|iPhone.Build.0 = Release|Any CPU
		{621F4EE9-5731-4D8B-91CC-81037C6DC1CF}.Ad-Hoc|iPhoneSimulator.ActiveCfg = Release|Any CPU
		{621F4EE9-5731-4D8B-91CC-81037C6DC1CF}.Ad-Hoc|iPhoneSimulator.Build.0 = Release|Any CPU
		{621F4EE9-5731-4D8B-91CC-81037C6DC1CF}.AppStore|Any CPU.ActiveCfg = Release|Any CPU
		{621F4EE9-5731-4D8B-91CC-81037C6DC1CF}.AppStore|Any CPU.Build.0 = Release|Any CPU
		{621F4EE9-5731-4D8B-91CC-81037C6DC1CF}.AppStore|iPhone.ActiveCfg = Release|Any CPU
		{621F4EE9-5731-4D8B-91CC-81037C6DC1CF}.AppStore|iPhone.Build.0 = Release|Any CPU
		{621F4EE9-5731-4D8B-91CC-81037C6DC1CF}.AppStore|iPhoneSimulator.ActiveCfg = Release|Any CPU
		{621F4EE9-5731-4D8B-91CC-81037C6DC1CF}.AppStore|iPhoneSimulator.Build.0 = Release|Any CPU
		{621F4EE9-5731-4D8B-91CC-81037C6DC1CF}.Debug|Any CPU.ActiveCfg = Debug|Any CPU
		{621F4EE9-5731-4D8B-91CC-81037C6DC1CF}.Debug|Any CPU.Build.0 = Debug|Any CPU
		{621F4EE9-5731-4D8B-91CC-81037C6DC1CF}.Debug|iPhone.ActiveCfg = Debug|Any CPU
		{621F4EE9-5731-4D8B-91CC-81037C6DC1CF}.Debug|iPhone.Build.0 = Debug|Any CPU
		{621F4EE9-5731-4D8B-91CC-81037C6DC1CF}.Debug|iPhoneSimulator.ActiveCfg = Debug|Any CPU
		{621F4EE9-5731-4D8B-91CC-81037C6DC1CF}.Debug|iPhoneSimulator.Build.0 = Debug|Any CPU
		{621F4EE9-5731-4D8B-91CC-81037C6DC1CF}.Release|Any CPU.ActiveCfg = Release|Any CPU
		{621F4EE9-5731-4D8B-91CC-81037C6DC1CF}.Release|Any CPU.Build.0 = Release|Any CPU
		{621F4EE9-5731-4D8B-91CC-81037C6DC1CF}.Release|iPhone.ActiveCfg = Release|Any CPU
		{621F4EE9-5731-4D8B-91CC-81037C6DC1CF}.Release|iPhone.Build.0 = Release|Any CPU
		{621F4EE9-5731-4D8B-91CC-81037C6DC1CF}.Release|iPhoneSimulator.ActiveCfg = Release|Any CPU
		{621F4EE9-5731-4D8B-91CC-81037C6DC1CF}.Release|iPhoneSimulator.Build.0 = Release|Any CPU
		{4A732F42-D5FD-4C44-9446-845D8871AD8B}.Ad-Hoc|Any CPU.ActiveCfg = Debug|Any CPU
		{4A732F42-D5FD-4C44-9446-845D8871AD8B}.Ad-Hoc|Any CPU.Build.0 = Debug|Any CPU
		{4A732F42-D5FD-4C44-9446-845D8871AD8B}.Ad-Hoc|iPhone.ActiveCfg = Debug|Any CPU
		{4A732F42-D5FD-4C44-9446-845D8871AD8B}.Ad-Hoc|iPhone.Build.0 = Debug|Any CPU
		{4A732F42-D5FD-4C44-9446-845D8871AD8B}.Ad-Hoc|iPhoneSimulator.ActiveCfg = Debug|Any CPU
		{4A732F42-D5FD-4C44-9446-845D8871AD8B}.Ad-Hoc|iPhoneSimulator.Build.0 = Debug|Any CPU
		{4A732F42-D5FD-4C44-9446-845D8871AD8B}.AppStore|Any CPU.ActiveCfg = Debug|Any CPU
		{4A732F42-D5FD-4C44-9446-845D8871AD8B}.AppStore|Any CPU.Build.0 = Debug|Any CPU
		{4A732F42-D5FD-4C44-9446-845D8871AD8B}.AppStore|iPhone.ActiveCfg = Debug|Any CPU
		{4A732F42-D5FD-4C44-9446-845D8871AD8B}.AppStore|iPhone.Build.0 = Debug|Any CPU
		{4A732F42-D5FD-4C44-9446-845D8871AD8B}.AppStore|iPhoneSimulator.ActiveCfg = Debug|Any CPU
		{4A732F42-D5FD-4C44-9446-845D8871AD8B}.AppStore|iPhoneSimulator.Build.0 = Debug|Any CPU
		{4A732F42-D5FD-4C44-9446-845D8871AD8B}.Debug|Any CPU.ActiveCfg = Debug|Any CPU
		{4A732F42-D5FD-4C44-9446-845D8871AD8B}.Debug|Any CPU.Build.0 = Debug|Any CPU
		{4A732F42-D5FD-4C44-9446-845D8871AD8B}.Debug|iPhone.ActiveCfg = Debug|Any CPU
		{4A732F42-D5FD-4C44-9446-845D8871AD8B}.Debug|iPhone.Build.0 = Debug|Any CPU
		{4A732F42-D5FD-4C44-9446-845D8871AD8B}.Debug|iPhoneSimulator.ActiveCfg = Debug|Any CPU
		{4A732F42-D5FD-4C44-9446-845D8871AD8B}.Debug|iPhoneSimulator.Build.0 = Debug|Any CPU
		{4A732F42-D5FD-4C44-9446-845D8871AD8B}.Release|Any CPU.ActiveCfg = Release|Any CPU
		{4A732F42-D5FD-4C44-9446-845D8871AD8B}.Release|Any CPU.Build.0 = Release|Any CPU
		{4A732F42-D5FD-4C44-9446-845D8871AD8B}.Release|iPhone.ActiveCfg = Release|Any CPU
		{4A732F42-D5FD-4C44-9446-845D8871AD8B}.Release|iPhone.Build.0 = Release|Any CPU
		{4A732F42-D5FD-4C44-9446-845D8871AD8B}.Release|iPhoneSimulator.ActiveCfg = Release|Any CPU
		{4A732F42-D5FD-4C44-9446-845D8871AD8B}.Release|iPhoneSimulator.Build.0 = Release|Any CPU
		{D5D2C6D6-E4F9-4E5D-AF59-493C2C0EE632}.Ad-Hoc|Any CPU.ActiveCfg = Release|Any CPU
		{D5D2C6D6-E4F9-4E5D-AF59-493C2C0EE632}.Ad-Hoc|Any CPU.Build.0 = Release|Any CPU
		{D5D2C6D6-E4F9-4E5D-AF59-493C2C0EE632}.Ad-Hoc|Any CPU.Deploy.0 = Release|Any CPU
		{D5D2C6D6-E4F9-4E5D-AF59-493C2C0EE632}.Ad-Hoc|iPhone.ActiveCfg = Release|Any CPU
		{D5D2C6D6-E4F9-4E5D-AF59-493C2C0EE632}.Ad-Hoc|iPhone.Build.0 = Release|Any CPU
		{D5D2C6D6-E4F9-4E5D-AF59-493C2C0EE632}.Ad-Hoc|iPhone.Deploy.0 = Release|Any CPU
		{D5D2C6D6-E4F9-4E5D-AF59-493C2C0EE632}.Ad-Hoc|iPhoneSimulator.ActiveCfg = Release|Any CPU
		{D5D2C6D6-E4F9-4E5D-AF59-493C2C0EE632}.Ad-Hoc|iPhoneSimulator.Build.0 = Release|Any CPU
		{D5D2C6D6-E4F9-4E5D-AF59-493C2C0EE632}.Ad-Hoc|iPhoneSimulator.Deploy.0 = Release|Any CPU
		{D5D2C6D6-E4F9-4E5D-AF59-493C2C0EE632}.AppStore|Any CPU.ActiveCfg = Release|Any CPU
		{D5D2C6D6-E4F9-4E5D-AF59-493C2C0EE632}.AppStore|Any CPU.Build.0 = Release|Any CPU
		{D5D2C6D6-E4F9-4E5D-AF59-493C2C0EE632}.AppStore|Any CPU.Deploy.0 = Release|Any CPU
		{D5D2C6D6-E4F9-4E5D-AF59-493C2C0EE632}.AppStore|iPhone.ActiveCfg = Release|Any CPU
		{D5D2C6D6-E4F9-4E5D-AF59-493C2C0EE632}.AppStore|iPhone.Build.0 = Release|Any CPU
		{D5D2C6D6-E4F9-4E5D-AF59-493C2C0EE632}.AppStore|iPhone.Deploy.0 = Release|Any CPU
		{D5D2C6D6-E4F9-4E5D-AF59-493C2C0EE632}.AppStore|iPhoneSimulator.ActiveCfg = Release|Any CPU
		{D5D2C6D6-E4F9-4E5D-AF59-493C2C0EE632}.AppStore|iPhoneSimulator.Build.0 = Release|Any CPU
		{D5D2C6D6-E4F9-4E5D-AF59-493C2C0EE632}.AppStore|iPhoneSimulator.Deploy.0 = Release|Any CPU
		{D5D2C6D6-E4F9-4E5D-AF59-493C2C0EE632}.Debug|Any CPU.ActiveCfg = Debug|Any CPU
		{D5D2C6D6-E4F9-4E5D-AF59-493C2C0EE632}.Debug|Any CPU.Build.0 = Debug|Any CPU
		{D5D2C6D6-E4F9-4E5D-AF59-493C2C0EE632}.Debug|Any CPU.Deploy.0 = Debug|Any CPU
		{D5D2C6D6-E4F9-4E5D-AF59-493C2C0EE632}.Debug|iPhone.ActiveCfg = Debug|Any CPU
		{D5D2C6D6-E4F9-4E5D-AF59-493C2C0EE632}.Debug|iPhone.Build.0 = Debug|Any CPU
		{D5D2C6D6-E4F9-4E5D-AF59-493C2C0EE632}.Debug|iPhone.Deploy.0 = Debug|Any CPU
		{D5D2C6D6-E4F9-4E5D-AF59-493C2C0EE632}.Debug|iPhoneSimulator.ActiveCfg = Debug|Any CPU
		{D5D2C6D6-E4F9-4E5D-AF59-493C2C0EE632}.Debug|iPhoneSimulator.Build.0 = Debug|Any CPU
		{D5D2C6D6-E4F9-4E5D-AF59-493C2C0EE632}.Debug|iPhoneSimulator.Deploy.0 = Debug|Any CPU
		{D5D2C6D6-E4F9-4E5D-AF59-493C2C0EE632}.Release|Any CPU.ActiveCfg = Release|Any CPU
		{D5D2C6D6-E4F9-4E5D-AF59-493C2C0EE632}.Release|Any CPU.Build.0 = Release|Any CPU
		{D5D2C6D6-E4F9-4E5D-AF59-493C2C0EE632}.Release|Any CPU.Deploy.0 = Release|Any CPU
		{D5D2C6D6-E4F9-4E5D-AF59-493C2C0EE632}.Release|iPhone.ActiveCfg = Release|Any CPU
		{D5D2C6D6-E4F9-4E5D-AF59-493C2C0EE632}.Release|iPhone.Build.0 = Release|Any CPU
		{D5D2C6D6-E4F9-4E5D-AF59-493C2C0EE632}.Release|iPhone.Deploy.0 = Release|Any CPU
		{D5D2C6D6-E4F9-4E5D-AF59-493C2C0EE632}.Release|iPhoneSimulator.ActiveCfg = Release|Any CPU
		{D5D2C6D6-E4F9-4E5D-AF59-493C2C0EE632}.Release|iPhoneSimulator.Build.0 = Release|Any CPU
		{D5D2C6D6-E4F9-4E5D-AF59-493C2C0EE632}.Release|iPhoneSimulator.Deploy.0 = Release|Any CPU
	EndGlobalSection
	GlobalSection(SolutionProperties) = preSolution
		HideSolutionNode = FALSE
	EndGlobalSection
	GlobalSection(ExtensibilityGlobals) = postSolution
		SolutionGuid = {D237C88B-72E6-48F4-AA1C-FB1E0C003232}
	EndGlobalSection
EndGlobal
